{
  "name": "nextsocialmedia",
  "lockfileVersion": 3,
  "requires": true,
  "packages": {
    "": {
      "dependencies": {
        "@heroicons/react": "^2.0.18",
        "next-themes": "^0.2.1"
      }
    },
    "node_modules/@heroicons/react": {
      "version": "2.0.18",
      "resolved": "https://registry.npmjs.org/@heroicons/react/-/react-2.0.18.tgz",
      "integrity": "sha512-7TyMjRrZZMBPa+/5Y8lN0iyvUU/01PeMGX2+RE7cQWpEUIcb4QotzUObFkJDejj/HUH4qjP/eQ0gzzKs2f+6Yw==",
      "peerDependencies": {
        "react": ">= 16"
      }
    },
    "node_modules/next-themes": {
      "version": "0.2.1",
      "resolved": "https://registry.npmjs.org/next-themes/-/next-themes-0.2.1.tgz",
      "integrity": "sha512-B+AKNfYNIzh0vqQQKqQItTS8evEouKD7H5Hj3kmuPERwddR2TxvDSFZuTj6T7Jfn1oyeUyJMydPl1Bkxkh0W7A==",
      "peerDependencies": {
        "next": "*",
        "react": "*",
        "react-dom": "*"
      }
    }
  }
}
